// !$*UTF8*$!
{
	archiveVersion = 1;
	classes = {
	};
	objectVersion = 56;
	objects = {

/* Begin PBXBuildFile section */
		C58C42E42C0DA31900A51BAD /* Project1App.swift in Sources */ = {isa = PBXBuildFile; fileRef = C58C42E32C0DA31900A51BAD /* Project1App.swift */; };
		C58C42E62C0DA31900A51BAD /* ContentView.swift in Sources */ = {isa = PBXBuildFile; fileRef = C58C42E52C0DA31900A51BAD /* ContentView.swift */; };
		C58C42E82C0DA31A00A51BAD /* Assets.xcassets in Resources */ = {isa = PBXBuildFile; fileRef = C58C42E72C0DA31A00A51BAD /* Assets.xcassets */; };
		C58C42EB2C0DA31A00A51BAD /* Preview Assets.xcassets in Resources */ = {isa = PBXBuildFile; fileRef = C58C42EA2C0DA31A00A51BAD /* Preview Assets.xcassets */; };
		C58C42F22C0DBE0A00A51BAD /* GoogleService-Info.plist in Resources */ = {isa = PBXBuildFile; fileRef = C58C42F12C0DBE0A00A51BAD /* GoogleService-Info.plist */; };
		C58C42F52C0DBEFF00A51BAD /* FirebaseAnalytics in Frameworks */ = {isa = PBXBuildFile; productRef = C58C42F42C0DBEFF00A51BAD /* FirebaseAnalytics */; };
		C58C42F72C0DBEFF00A51BAD /* FirebaseAnalyticsSwift in Frameworks */ = {isa = PBXBuildFile; productRef = C58C42F62C0DBEFF00A51BAD /* FirebaseAnalyticsSwift */; };
		C58C42F92C0DBEFF00A51BAD /* FirebaseAuth in Frameworks */ = {isa = PBXBuildFile; productRef = C58C42F82C0DBEFF00A51BAD /* FirebaseAuth */; };
		C58C42FB2C0DBEFF00A51BAD /* FirebaseFirestore in Frameworks */ = {isa = PBXBuildFile; productRef = C58C42FA2C0DBEFF00A51BAD /* FirebaseFirestore */; };
		C58C42FD2C0DBEFF00A51BAD /* FirebaseFirestoreSwift in Frameworks */ = {isa = PBXBuildFile; productRef = C58C42FC2C0DBEFF00A51BAD /* FirebaseFirestoreSwift */; };
		C58C42FF2C0DBEFF00A51BAD /* FirebaseStorage in Frameworks */ = {isa = PBXBuildFile; productRef = C58C42FE2C0DBEFF00A51BAD /* FirebaseStorage */; };
		C58C43012C0DC49800A51BAD /* AuthView.swift in Sources */ = {isa = PBXBuildFile; fileRef = C58C43002C0DC49800A51BAD /* AuthView.swift */; };
		C58C43032C0DC4E100A51BAD /* ProfileView.swift in Sources */ = {isa = PBXBuildFile; fileRef = C58C43022C0DC4E100A51BAD /* ProfileView.swift */; };
		C58C43052C0DC58900A51BAD /* AppController.swift in Sources */ = {isa = PBXBuildFile; fileRef = C58C43042C0DC58900A51BAD /* AppController.swift */; };
		C58C43082C10430700A51BAD /* Profile.swift in Sources */ = {isa = PBXBuildFile; fileRef = C58C43072C10430700A51BAD /* Profile.swift */; };
		C58C430B2C104B8C00A51BAD /* SwiftfulFirebaseAuth in Frameworks */ = {isa = PBXBuildFile; productRef = C58C430A2C104B8C00A51BAD /* SwiftfulFirebaseAuth */; };
		C58C430F2C109A8700A51BAD /* ErrorView.swift in Sources */ = {isa = PBXBuildFile; fileRef = C58C430E2C109A8700A51BAD /* ErrorView.swift */; };
		C58C43112C10A2B900A51BAD /* MyError.swift in Sources */ = {isa = PBXBuildFile; fileRef = C58C43102C10A2B900A51BAD /* MyError.swift */; };
		C58C43132C11FF7000A51BAD /* SettingsView.swift in Sources */ = {isa = PBXBuildFile; fileRef = C58C43122C11FF7000A51BAD /* SettingsView.swift */; };
		C58C43152C1222ED00A51BAD /* AuthenticationManager.swift in Sources */ = {isa = PBXBuildFile; fileRef = C58C43142C1222ED00A51BAD /* AuthenticationManager.swift */; };
		C58D68642C12F70C00EE3337 /* RootView.swift in Sources */ = {isa = PBXBuildFile; fileRef = C58D68632C12F70C00EE3337 /* RootView.swift */; };
		C58D68662C133EEB00EE3337 /* UserManager.swift in Sources */ = {isa = PBXBuildFile; fileRef = C58D68652C133EEB00EE3337 /* UserManager.swift */; };
		C58D686B2C1844CA00EE3337 /* AuthenticationViewModel.swift in Sources */ = {isa = PBXBuildFile; fileRef = C58D686A2C1844CA00EE3337 /* AuthenticationViewModel.swift */; };
/* End PBXBuildFile section */

/* Begin PBXFileReference section */
		C58C42E02C0DA31900A51BAD /* Project1.app */ = {isa = PBXFileReference; explicitFileType = wrapper.application; includeInIndex = 0; path = Project1.app; sourceTree = BUILT_PRODUCTS_DIR; };
		C58C42E32C0DA31900A51BAD /* Project1App.swift */ = {isa = PBXFileReference; lastKnownFileType = sourcecode.swift; path = Project1App.swift; sourceTree = "<group>"; };
		C58C42E52C0DA31900A51BAD /* ContentView.swift */ = {isa = PBXFileReference; lastKnownFileType = sourcecode.swift; path = ContentView.swift; sourceTree = "<group>"; };
		C58C42E72C0DA31A00A51BAD /* Assets.xcassets */ = {isa = PBXFileReference; lastKnownFileType = folder.assetcatalog; path = Assets.xcassets; sourceTree = "<group>"; };
		C58C42EA2C0DA31A00A51BAD /* Preview Assets.xcassets */ = {isa = PBXFileReference; lastKnownFileType = folder.assetcatalog; path = "Preview Assets.xcassets"; sourceTree = "<group>"; };
		C58C42F12C0DBE0A00A51BAD /* GoogleService-Info.plist */ = {isa = PBXFileReference; fileEncoding = 4; lastKnownFileType = text.plist.xml; path = "GoogleService-Info.plist"; sourceTree = "<group>"; };
		C58C43002C0DC49800A51BAD /* AuthView.swift */ = {isa = PBXFileReference; lastKnownFileType = sourcecode.swift; path = AuthView.swift; sourceTree = "<group>"; };
		C58C43022C0DC4E100A51BAD /* ProfileView.swift */ = {isa = PBXFileReference; lastKnownFileType = sourcecode.swift; path = ProfileView.swift; sourceTree = "<group>"; };
		C58C43042C0DC58900A51BAD /* AppController.swift */ = {isa = PBXFileReference; lastKnownFileType = sourcecode.swift; path = AppController.swift; sourceTree = "<group>"; };
		C58C43062C0F8FED00A51BAD /* Project1.entitlements */ = {isa = PBXFileReference; lastKnownFileType = text.plist.entitlements; path = Project1.entitlements; sourceTree = "<group>"; };
		C58C43072C10430700A51BAD /* Profile.swift */ = {isa = PBXFileReference; lastKnownFileType = sourcecode.swift; path = Profile.swift; sourceTree = "<group>"; };
		C58C430E2C109A8700A51BAD /* ErrorView.swift */ = {isa = PBXFileReference; lastKnownFileType = sourcecode.swift; path = ErrorView.swift; sourceTree = "<group>"; };
		C58C43102C10A2B900A51BAD /* MyError.swift */ = {isa = PBXFileReference; lastKnownFileType = sourcecode.swift; path = MyError.swift; sourceTree = "<group>"; };
		C58C43122C11FF7000A51BAD /* SettingsView.swift */ = {isa = PBXFileReference; lastKnownFileType = sourcecode.swift; path = SettingsView.swift; sourceTree = "<group>"; };
		C58C43142C1222ED00A51BAD /* AuthenticationManager.swift */ = {isa = PBXFileReference; lastKnownFileType = sourcecode.swift; path = AuthenticationManager.swift; sourceTree = "<group>"; };
		C58D68632C12F70C00EE3337 /* RootView.swift */ = {isa = PBXFileReference; lastKnownFileType = sourcecode.swift; path = RootView.swift; sourceTree = "<group>"; };
		C58D68652C133EEB00EE3337 /* UserManager.swift */ = {isa = PBXFileReference; lastKnownFileType = sourcecode.swift; path = UserManager.swift; sourceTree = "<group>"; };
		C58D686A2C1844CA00EE3337 /* AuthenticationViewModel.swift */ = {isa = PBXFileReference; lastKnownFileType = sourcecode.swift; path = AuthenticationViewModel.swift; sourceTree = "<group>"; };
/* End PBXFileReference section */

/* Begin PBXFrameworksBuildPhase section */
		C58C42DD2C0DA31900A51BAD /* Frameworks */ = {
			isa = PBXFrameworksBuildPhase;
			buildActionMask = 2147483647;
			files = (
				C58C42FD2C0DBEFF00A51BAD /* FirebaseFirestoreSwift in Frameworks */,
				C58C430B2C104B8C00A51BAD /* SwiftfulFirebaseAuth in Frameworks */,
				C58C42F72C0DBEFF00A51BAD /* FirebaseAnalyticsSwift in Frameworks */,
				C58C42FB2C0DBEFF00A51BAD /* FirebaseFirestore in Frameworks */,
				C58C42F92C0DBEFF00A51BAD /* FirebaseAuth in Frameworks */,
				C58C42F52C0DBEFF00A51BAD /* FirebaseAnalytics in Frameworks */,
				C58C42FF2C0DBEFF00A51BAD /* FirebaseStorage in Frameworks */,
			);
			runOnlyForDeploymentPostprocessing = 0;
		};
/* End PBXFrameworksBuildPhase section */

/* Begin PBXGroup section */
		C58C42D72C0DA31900A51BAD = {
			isa = PBXGroup;
			children = (
				C58C42E22C0DA31900A51BAD /* Project1 */,
				C58C42E12C0DA31900A51BAD /* Products */,
			);
			sourceTree = "<group>";
		};
		C58C42E12C0DA31900A51BAD /* Products */ = {
			isa = PBXGroup;
			children = (
				C58C42E02C0DA31900A51BAD /* Project1.app */,
			);
			name = Products;
			sourceTree = "<group>";
		};
		C58C42E22C0DA31900A51BAD /* Project1 */ = {
			isa = PBXGroup;
			children = (
				C58D686C2C1847DC00EE3337 /* Authentication */,
				C58D68672C133F4700EE3337 /* FireStore */,
				C58C43062C0F8FED00A51BAD /* Project1.entitlements */,
				C58C42E32C0DA31900A51BAD /* Project1App.swift */,
				C58C42E52C0DA31900A51BAD /* ContentView.swift */,
				C58C43022C0DC4E100A51BAD /* ProfileView.swift */,
				C58C43042C0DC58900A51BAD /* AppController.swift */,
				C58C43072C10430700A51BAD /* Profile.swift */,
				C58C42F12C0DBE0A00A51BAD /* GoogleService-Info.plist */,
				C58C42E72C0DA31A00A51BAD /* Assets.xcassets */,
				C58C42E92C0DA31A00A51BAD /* Preview Content */,
				C58C430E2C109A8700A51BAD /* ErrorView.swift */,
				C58C43102C10A2B900A51BAD /* MyError.swift */,
				C58C43122C11FF7000A51BAD /* SettingsView.swift */,
				C58D68632C12F70C00EE3337 /* RootView.swift */,
			);
			path = Project1;
			sourceTree = "<group>";
		};
		C58C42E92C0DA31A00A51BAD /* Preview Content */ = {
			isa = PBXGroup;
			children = (
				C58C42EA2C0DA31A00A51BAD /* Preview Assets.xcassets */,
			);
			path = "Preview Content";
			sourceTree = "<group>";
		};
		C58D68672C133F4700EE3337 /* FireStore */ = {
			isa = PBXGroup;
			children = (
				C58D68652C133EEB00EE3337 /* UserManager.swift */,
			);
			path = FireStore;
			sourceTree = "<group>";
		};
		C58D686C2C1847DC00EE3337 /* Authentication */ = {
			isa = PBXGroup;
			children = (
				C58C43002C0DC49800A51BAD /* AuthView.swift */,
				C58D686A2C1844CA00EE3337 /* AuthenticationViewModel.swift */,
				C58C43142C1222ED00A51BAD /* AuthenticationManager.swift */,
			);
			path = Authentication;
			sourceTree = "<group>";
		};
/* End PBXGroup section */

/* Begin PBXNativeTarget section */
		C58C42DF2C0DA31900A51BAD /* Project1 */ = {
			isa = PBXNativeTarget;
			buildConfigurationList = C58C42EE2C0DA31A00A51BAD /* Build configuration list for PBXNativeTarget "Project1" */;
			buildPhases = (
				C58C42DC2C0DA31900A51BAD /* Sources */,
				C58C42DD2C0DA31900A51BAD /* Frameworks */,
				C58C42DE2C0DA31900A51BAD /* Resources */,
			);
			buildRules = (
			);
			dependencies = (
			);
			name = Project1;
			packageProductDependencies = (
				C58C42F42C0DBEFF00A51BAD /* FirebaseAnalytics */,
				C58C42F62C0DBEFF00A51BAD /* FirebaseAnalyticsSwift */,
				C58C42F82C0DBEFF00A51BAD /* FirebaseAuth */,
				C58C42FA2C0DBEFF00A51BAD /* FirebaseFirestore */,
				C58C42FC2C0DBEFF00A51BAD /* FirebaseFirestoreSwift */,
				C58C42FE2C0DBEFF00A51BAD /* FirebaseStorage */,
				C58C430A2C104B8C00A51BAD /* SwiftfulFirebaseAuth */,
			);
			productName = Project1;
			productReference = C58C42E02C0DA31900A51BAD /* Project1.app */;
			productType = "com.apple.product-type.application";
		};
/* End PBXNativeTarget section */

/* Begin PBXProject section */
		C58C42D82C0DA31900A51BAD /* Project object */ = {
			isa = PBXProject;
			attributes = {
				BuildIndependentTargetsInParallel = 1;
				LastSwiftUpdateCheck = 1540;
				LastUpgradeCheck = 1540;
				TargetAttributes = {
					C58C42DF2C0DA31900A51BAD = {
						CreatedOnToolsVersion = 15.4;
					};
				};
			};
			buildConfigurationList = C58C42DB2C0DA31900A51BAD /* Build configuration list for PBXProject "Project1" */;
			compatibilityVersion = "Xcode 14.0";
			developmentRegion = en;
			hasScannedForEncodings = 0;
			knownRegions = (
				en,
				Base,
			);
			mainGroup = C58C42D72C0DA31900A51BAD;
			packageReferences = (
				C58C42F32C0DBEFF00A51BAD /* XCRemoteSwiftPackageReference "firebase-ios-sdk" */,
				C58C43092C104B8C00A51BAD /* XCRemoteSwiftPackageReference "SwiftfulFirebaseAuth" */,
			);
			productRefGroup = C58C42E12C0DA31900A51BAD /* Products */;
			projectDirPath = "";
			projectRoot = "";
			targets = (
				C58C42DF2C0DA31900A51BAD /* Project1 */,
			);
		};
/* End PBXProject section */

/* Begin PBXResourcesBuildPhase section */
		C58C42DE2C0DA31900A51BAD /* Resources */ = {
			isa = PBXResourcesBuildPhase;
			buildActionMask = 2147483647;
			files = (
				C58C42F22C0DBE0A00A51BAD /* GoogleService-Info.plist in Resources */,
				C58C42EB2C0DA31A00A51BAD /* Preview Assets.xcassets in Resources */,
				C58C42E82C0DA31A00A51BAD /* Assets.xcassets in Resources */,
			);
			runOnlyForDeploymentPostprocessing = 0;
		};
/* End PBXResourcesBuildPhase section */

/* Begin PBXSourcesBuildPhase section */
		C58C42DC2C0DA31900A51BAD /* Sources */ = {
			isa = PBXSourcesBuildPhase;
			buildActionMask = 2147483647;
			files = (
				C58D686B2C1844CA00EE3337 /* AuthenticationViewModel.swift in Sources */,
				C58C43112C10A2B900A51BAD /* MyError.swift in Sources */,
				C58C42E62C0DA31900A51BAD /* ContentView.swift in Sources */,
				C58C43082C10430700A51BAD /* Profile.swift in Sources */,
				C58C43152C1222ED00A51BAD /* AuthenticationManager.swift in Sources */,
				C58C43132C11FF7000A51BAD /* SettingsView.swift in Sources */,
				C58C42E42C0DA31900A51BAD /* Project1App.swift in Sources */,
				C58D68662C133EEB00EE3337 /* UserManager.swift in Sources */,
				C58C43012C0DC49800A51BAD /* AuthView.swift in Sources */,
				C58C430F2C109A8700A51BAD /* ErrorView.swift in Sources */,
				C58C43032C0DC4E100A51BAD /* ProfileView.swift in Sources */,
				C58C43052C0DC58900A51BAD /* AppController.swift in Sources */,
				C58D68642C12F70C00EE3337 /* RootView.swift in Sources */,
			);
			runOnlyForDeploymentPostprocessing = 0;
		};
/* End PBXSourcesBuildPhase section */

/* Begin XCBuildConfiguration section */
		C58C42EC2C0DA31A00A51BAD /* Debug */ = {
			isa = XCBuildConfiguration;
			buildSettings = {
				ALWAYS_SEARCH_USER_PATHS = NO;
				ASSETCATALOG_COMPILER_GENERATE_SWIFT_ASSET_SYMBOL_EXTENSIONS = YES;
				CLANG_ANALYZER_NONNULL = YES;
				CLANG_ANALYZER_NUMBER_OBJECT_CONVERSION = YES_AGGRESSIVE;
				CLANG_CXX_LANGUAGE_STANDARD = "gnu++20";
				CLANG_ENABLE_MODULES = YES;
				CLANG_ENABLE_OBJC_ARC = YES;
				CLANG_ENABLE_OBJC_WEAK = YES;
				CLANG_WARN_BLOCK_CAPTURE_AUTORELEASING = YES;
				CLANG_WARN_BOOL_CONVERSION = YES;
				CLANG_WARN_COMMA = YES;
				CLANG_WARN_CONSTANT_CONVERSION = YES;
				CLANG_WARN_DEPRECATED_OBJC_IMPLEMENTATIONS = YES;
				CLANG_WARN_DIRECT_OBJC_ISA_USAGE = YES_ERROR;
				CLANG_WARN_DOCUMENTATION_COMMENTS = YES;
				CLANG_WARN_EMPTY_BODY = YES;
				CLANG_WARN_ENUM_CONVERSION = YES;
				CLANG_WARN_INFINITE_RECURSION = YES;
				CLANG_WARN_INT_CONVERSION = YES;
				CLANG_WARN_NON_LITERAL_NULL_CONVERSION = YES;
				CLANG_WARN_OBJC_IMPLICIT_RETAIN_SELF = YES;
				CLANG_WARN_OBJC_LITERAL_CONVERSION = YES;
				CLANG_WARN_OBJC_ROOT_CLASS = YES_ERROR;
				CLANG_WARN_QUOTED_INCLUDE_IN_FRAMEWORK_HEADER = YES;
				CLANG_WARN_RANGE_LOOP_ANALYSIS = YES;
				CLANG_WARN_STRICT_PROTOTYPES = YES;
				CLANG_WARN_SUSPICIOUS_MOVE = YES;
				CLANG_WARN_UNGUARDED_AVAILABILITY = YES_AGGRESSIVE;
				CLANG_WARN_UNREACHABLE_CODE = YES;
				CLANG_WARN__DUPLICATE_METHOD_MATCH = YES;
				COPY_PHASE_STRIP = NO;
				DEBUG_INFORMATION_FORMAT = dwarf;
				ENABLE_STRICT_OBJC_MSGSEND = YES;
				ENABLE_TESTABILITY = YES;
				ENABLE_USER_SCRIPT_SANDBOXING = YES;
				GCC_C_LANGUAGE_STANDARD = gnu17;
				GCC_DYNAMIC_NO_PIC = NO;
				GCC_NO_COMMON_BLOCKS = YES;
				GCC_OPTIMIZATION_LEVEL = 0;
				GCC_PREPROCESSOR_DEFINITIONS = (
					"DEBUG=1",
					"$(inherited)",
				);
				GCC_WARN_64_TO_32_BIT_CONVERSION = YES;
				GCC_WARN_ABOUT_RETURN_TYPE = YES_ERROR;
				GCC_WARN_UNDECLARED_SELECTOR = YES;
				GCC_WARN_UNINITIALIZED_AUTOS = YES_AGGRESSIVE;
				GCC_WARN_UNUSED_FUNCTION = YES;
				GCC_WARN_UNUSED_VARIABLE = YES;
				IPHONEOS_DEPLOYMENT_TARGET = 17.5;
				LOCALIZATION_PREFERS_STRING_CATALOGS = YES;
				MTL_ENABLE_DEBUG_INFO = INCLUDE_SOURCE;
				MTL_FAST_MATH = YES;
				ONLY_ACTIVE_ARCH = YES;
				SDKROOT = iphoneos;
				SWIFT_ACTIVE_COMPILATION_CONDITIONS = "DEBUG $(inherited)";
				SWIFT_OPTIMIZATION_LEVEL = "-Onone";
			};
			name = Debug;
		};
		C58C42ED2C0DA31A00A51BAD /* Release */ = {
			isa = XCBuildConfiguration;
			buildSettings = {
				ALWAYS_SEARCH_USER_PATHS = NO;
				ASSETCATALOG_COMPILER_GENERATE_SWIFT_ASSET_SYMBOL_EXTENSIONS = YES;
				CLANG_ANALYZER_NONNULL = YES;
				CLANG_ANALYZER_NUMBER_OBJECT_CONVERSION = YES_AGGRESSIVE;
				CLANG_CXX_LANGUAGE_STANDARD = "gnu++20";
				CLANG_ENABLE_MODULES = YES;
				CLANG_ENABLE_OBJC_ARC = YES;
				CLANG_ENABLE_OBJC_WEAK = YES;
				CLANG_WARN_BLOCK_CAPTURE_AUTORELEASING = YES;
				CLANG_WARN_BOOL_CONVERSION = YES;
				CLANG_WARN_COMMA = YES;
				CLANG_WARN_CONSTANT_CONVERSION = YES;
				CLANG_WARN_DEPRECATED_OBJC_IMPLEMENTATIONS = YES;
				CLANG_WARN_DIRECT_OBJC_ISA_USAGE = YES_ERROR;
				CLANG_WARN_DOCUMENTATION_COMMENTS = YES;
				CLANG_WARN_EMPTY_BODY = YES;
				CLANG_WARN_ENUM_CONVERSION = YES;
				CLANG_WARN_INFINITE_RECURSION = YES;
				CLANG_WARN_INT_CONVERSION = YES;
				CLANG_WARN_NON_LITERAL_NULL_CONVERSION = YES;
				CLANG_WARN_OBJC_IMPLICIT_RETAIN_SELF = YES;
				CLANG_WARN_OBJC_LITERAL_CONVERSION = YES;
				CLANG_WARN_OBJC_ROOT_CLASS = YES_ERROR;
				CLANG_WARN_QUOTED_INCLUDE_IN_FRAMEWORK_HEADER = YES;
				CLANG_WARN_RANGE_LOOP_ANALYSIS = YES;
				CLANG_WARN_STRICT_PROTOTYPES = YES;
				CLANG_WARN_SUSPICIOUS_MOVE = YES;
				CLANG_WARN_UNGUARDED_AVAILABILITY = YES_AGGRESSIVE;
				CLANG_WARN_UNREACHABLE_CODE = YES;
				CLANG_WARN__DUPLICATE_METHOD_MATCH = YES;
				COPY_PHASE_STRIP = NO;
				DEBUG_INFORMATION_FORMAT = "dwarf-with-dsym";
				ENABLE_NS_ASSERTIONS = NO;
				ENABLE_STRICT_OBJC_MSGSEND = YES;
				ENABLE_USER_SCRIPT_SANDBOXING = YES;
				GCC_C_LANGUAGE_STANDARD = gnu17;
				GCC_NO_COMMON_BLOCKS = YES;
				GCC_WARN_64_TO_32_BIT_CONVERSION = YES;
				GCC_WARN_ABOUT_RETURN_TYPE = YES_ERROR;
				GCC_WARN_UNDECLARED_SELECTOR = YES;
				GCC_WARN_UNINITIALIZED_AUTOS = YES_AGGRESSIVE;
				GCC_WARN_UNUSED_FUNCTION = YES;
				GCC_WARN_UNUSED_VARIABLE = YES;
				IPHONEOS_DEPLOYMENT_TARGET = 17.5;
				LOCALIZATION_PREFERS_STRING_CATALOGS = YES;
				MTL_ENABLE_DEBUG_INFO = NO;
				MTL_FAST_MATH = YES;
				SDKROOT = iphoneos;
				SWIFT_COMPILATION_MODE = wholemodule;
				VALIDATE_PRODUCT = YES;
			};
			name = Release;
		};
		C58C42EF2C0DA31A00A51BAD /* Debug */ = {
			isa = XCBuildConfiguration;
			buildSettings = {
				ASSETCATALOG_COMPILER_APPICON_NAME = AppIcon;
				ASSETCATALOG_COMPILER_GLOBAL_ACCENT_COLOR_NAME = AccentColor;
				CODE_SIGN_ENTITLEMENTS = Project1/Project1.entitlements;
				CODE_SIGN_STYLE = Automatic;
				CURRENT_PROJECT_VERSION = 1;
				DEVELOPMENT_ASSET_PATHS = "\"Project1/Preview Content\"";
				DEVELOPMENT_TEAM = F2Q2TB3BFT;
				ENABLE_PREVIEWS = YES;
				GENERATE_INFOPLIST_FILE = YES;
				INFOPLIST_KEY_UIApplicationSceneManifest_Generation = YES;
				INFOPLIST_KEY_UIApplicationSupportsIndirectInputEvents = YES;
				INFOPLIST_KEY_UILaunchScreen_Generation = YES;
				INFOPLIST_KEY_UISupportedInterfaceOrientations_iPad = "UIInterfaceOrientationPortrait UIInterfaceOrientationPortraitUpsideDown UIInterfaceOrientationLandscapeLeft UIInterfaceOrientationLandscapeRight";
				INFOPLIST_KEY_UISupportedInterfaceOrientations_iPhone = "UIInterfaceOrientationPortrait UIInterfaceOrientationLandscapeLeft UIInterfaceOrientationLandscapeRight";
				LD_RUNPATH_SEARCH_PATHS = (
					"$(inherited)",
					"@executable_path/Frameworks",
				);
				MARKETING_VERSION = 1.0;
				PRODUCT_BUNDLE_IDENTIFIER = com.childhealthforall.Project1;
				PRODUCT_NAME = "$(TARGET_NAME)";
				SWIFT_EMIT_LOC_STRINGS = YES;
				SWIFT_VERSION = 5.0;
				TARGETED_DEVICE_FAMILY = "1,2";
			};
			name = Debug;
		};
		C58C42F02C0DA31A00A51BAD /* Release */ = {
			isa = XCBuildConfiguration;
			buildSettings = {
				ASSETCATALOG_COMPILER_APPICON_NAME = AppIcon;
				ASSETCATALOG_COMPILER_GLOBAL_ACCENT_COLOR_NAME = AccentColor;
				CODE_SIGN_ENTITLEMENTS = Project1/Project1.entitlements;
				CODE_SIGN_STYLE = Automatic;
				CURRENT_PROJECT_VERSION = 1;
				DEVELOPMENT_ASSET_PATHS = "\"Project1/Preview Content\"";
				DEVELOPMENT_TEAM = F2Q2TB3BFT;
				ENABLE_PREVIEWS = YES;
				GENERATE_INFOPLIST_FILE = YES;
				INFOPLIST_KEY_UIApplicationSceneManifest_Generation = YES;
				INFOPLIST_KEY_UIApplicationSupportsIndirectInputEvents = YES;
				INFOPLIST_KEY_UILaunchScreen_Generation = YES;
				INFOPLIST_KEY_UISupportedInterfaceOrientations_iPad = "UIInterfaceOrientationPortrait UIInterfaceOrientationPortraitUpsideDown UIInterfaceOrientationLandscapeLeft UIInterfaceOrientationLandscapeRight";
				INFOPLIST_KEY_UISupportedInterfaceOrientations_iPhone = "UIInterfaceOrientationPortrait UIInterfaceOrientationLandscapeLeft UIInterfaceOrientationLandscapeRight";
				LD_RUNPATH_SEARCH_PATHS = (
					"$(inherited)",
					"@executable_path/Frameworks",
				);
				MARKETING_VERSION = 1.0;
				PRODUCT_BUNDLE_IDENTIFIER = com.childhealthforall.Project1;
				PRODUCT_NAME = "$(TARGET_NAME)";
				SWIFT_EMIT_LOC_STRINGS = YES;
				SWIFT_VERSION = 5.0;
				TARGETED_DEVICE_FAMILY = "1,2";
			};
			name = Release;
		};
/* End XCBuildConfiguration section */

/* Begin XCConfigurationList section */
		C58C42DB2C0DA31900A51BAD /* Build configuration list for PBXProject "Project1" */ = {
			isa = XCConfigurationList;
			buildConfigurations = (
				C58C42EC2C0DA31A00A51BAD /* Debug */,
				C58C42ED2C0DA31A00A51BAD /* Release */,
			);
			defaultConfigurationIsVisible = 0;
			defaultConfigurationName = Release;
		};
		C58C42EE2C0DA31A00A51BAD /* Build configuration list for PBXNativeTarget "Project1" */ = {
			isa = XCConfigurationList;
			buildConfigurations = (
				C58C42EF2C0DA31A00A51BAD /* Debug */,
				C58C42F02C0DA31A00A51BAD /* Release */,
			);
			defaultConfigurationIsVisible = 0;
			defaultConfigurationName = Release;
		};
/* End XCConfigurationList section */

/* Begin XCRemoteSwiftPackageReference section */
		C58C42F32C0DBEFF00A51BAD /* XCRemoteSwiftPackageReference "firebase-ios-sdk" */ = {
			isa = XCRemoteSwiftPackageReference;
			repositoryURL = "https://github.com/firebase/firebase-ios-sdk";
			requirement = {
				kind = upToNextMajorVersion;
				minimumVersion = 10.27.0;
			};
		};
		C58C43092C104B8C00A51BAD /* XCRemoteSwiftPackageReference "SwiftfulFirebaseAuth" */ = {
			isa = XCRemoteSwiftPackageReference;
			repositoryURL = "https://github.com/SwiftfulThinking/SwiftfulFirebaseAuth.git";
			requirement = {
				kind = upToNextMajorVersion;
				minimumVersion = 1.0.7;
			};
		};
/* End XCRemoteSwiftPackageReference section */

/* Begin XCSwiftPackageProductDependency section */
		C58C42F42C0DBEFF00A51BAD /* FirebaseAnalytics */ = {
			isa = XCSwiftPackageProductDependency;
			package = C58C42F32C0DBEFF00A51BAD /* XCRemoteSwiftPackageReference "firebase-ios-sdk" */;
			productName = FirebaseAnalytics;
		};
		C58C42F62C0DBEFF00A51BAD /* FirebaseAnalyticsSwift */ = {
			isa = XCSwiftPackageProductDependency;
			package = C58C42F32C0DBEFF00A51BAD /* XCRemoteSwiftPackageReference "firebase-ios-sdk" */;
			productName = FirebaseAnalyticsSwift;
		};
		C58C42F82C0DBEFF00A51BAD /* FirebaseAuth */ = {
			isa = XCSwiftPackageProductDependency;
			package = C58C42F32C0DBEFF00A51BAD /* XCRemoteSwiftPackageReference "firebase-ios-sdk" */;
			productName = FirebaseAuth;
		};
		C58C42FA2C0DBEFF00A51BAD /* FirebaseFirestore */ = {
			isa = XCSwiftPackageProductDependency;
			package = C58C42F32C0DBEFF00A51BAD /* XCRemoteSwiftPackageReference "firebase-ios-sdk" */;
			productName = FirebaseFirestore;
		};
		C58C42FC2C0DBEFF00A51BAD /* FirebaseFirestoreSwift */ = {
			isa = XCSwiftPackageProductDependency;
			package = C58C42F32C0DBEFF00A51BAD /* XCRemoteSwiftPackageReference "firebase-ios-sdk" */;
			productName = FirebaseFirestoreSwift;
		};
		C58C42FE2C0DBEFF00A51BAD /* FirebaseStorage */ = {
			isa = XCSwiftPackageProductDependency;
			package = C58C42F32C0DBEFF00A51BAD /* XCRemoteSwiftPackageReference "firebase-ios-sdk" */;
			productName = FirebaseStorage;
		};
		C58C430A2C104B8C00A51BAD /* SwiftfulFirebaseAuth */ = {
			isa = XCSwiftPackageProductDependency;
			package = C58C43092C104B8C00A51BAD /* XCRemoteSwiftPackageReference "SwiftfulFirebaseAuth" */;
			productName = SwiftfulFirebaseAuth;
		};
/* End XCSwiftPackageProductDependency section */
	};
	rootObject = C58C42D82C0DA31900A51BAD /* Project object */;
}
